
Microsoft Visual Studio Solution File, Format Version 12.00
# Visual Studio 15
VisualStudioVersion = 15.0.28307.1169
MinimumVisualStudioVersion = 10.0.40219.1
Project("{FAE04EC0-301F-11D3-BF4B-00C04F79EFBC}") = "BarGraphic.Template", "Bar.Template\BarGraphic.Template.csproj", "{8DA1E1F0-8D23-4BB9-8FF4-12382F88C292}"
EndProject
Global
	GlobalSection(SolutionConfigurationPlatforms) = preSolution
		Debug|Any CPU = Debug|Any CPU
		Release|Any CPU = Release|Any CPU
	EndGlobalSection
	GlobalSection(ProjectConfigurationPlatforms) = postSolution
		{8DA1E1F0-8D23-4BB9-8FF4-12382F88C292}.Debug|Any CPU.ActiveCfg = Debug|Any CPU
		{8DA1E1F0-8D23-4BB9-8FF4-12382F88C292}.Debug|Any CPU.Build.0 = Debug|Any CPU
		{8DA1E1F0-8D23-4BB9-8FF4-12382F88C292}.Release|Any CPU.ActiveCfg = Release|Any CPU
		{8DA1E1F0-8D23-4BB9-8FF4-12382F88C292}.Release|Any CPU.Build.0 = Release|Any CPU
	EndGlobalSection
	GlobalSection(SolutionProperties) = preSolution
		HideSolutionNode = FALSE
	EndGlobalSection
	GlobalSection(ExtensibilityGlobals) = postSolution
		SolutionGuid = {DC03B931-9AD9-439F-8B00-B3EC7E4AA365}
	EndGlobalSection
EndGlobal
